# THIS IS AN AUTOGENERATED FILE. DO NOT EDIT THIS FILE DIRECTLY.
# yarn lockfile v1


react-dice-roll@^1.2.2:
  version "1.2.2"
  resolved "https://registry.yarnpkg.com/react-dice-roll/-/react-dice-roll-1.2.2.tgz#df77249133f12f4cce2512d52b5b6354ed15c236"
  integrity sha512-QNG+RVs3CymhTkNLwfDdJ93kL4vWO+luHkQAhuNxnus9jOFUZY54AJhlDa4y576S20oEuW47nO7HvEDCtST9wQ==
